<?xml version="1.0" encoding="utf-8"?>
<Project ToolsVersion="4.0" xmlns="http://schemas.microsoft.com/developer/msbuild/2003">
  <ItemGroup>
    <Filter Include="Source Files">
      <UniqueIdentifier>{4FC737F1-C7A5-4376-A066-2A32D752A2FF}</UniqueIdentifier>
      <Extensions>cpp;c;cc;cxx;def;odl;idl;hpj;bat;asm;asmx</Extensions>
    </Filter>
    <Filter Include="Header Files">
      <UniqueIdentifier>{93995380-89BD-4b04-88EB-625FBE52EBFB}</UniqueIdentifier>
      <Extensions>h;hpp;hxx;hm;inl;inc;xsd</Extensions>
    </Filter>
    <Filter Include="Resource Files">
      <UniqueIdentifier>{67DA6AB6-F800-4c08-8B7A-83BB121AAD01}</UniqueIdentifier>
      <Extensions>rc;ico;cur;bmp;dlg;rc2;rct;bin;rgs;gif;jpg;jpeg;jpe;resx;tiff;tif;png;wav</Extensions>
    </Filter>
    <Filter Include="blocks">
      <UniqueIdentifier>{d4c7b404-4291-4302-92a0-9df867a4910b}</UniqueIdentifier>
    </Filter>
    <Filter Include="blocks\Cinder-LibArtnet">
      <UniqueIdentifier>{18141aca-97a5-4aab-928b-273bb1e78a16}</UniqueIdentifier>
    </Filter>
    <Filter Include="blocks\Cinder-LibArtnet\lib">
      <UniqueIdentifier>{b344a811-3623-4b93-89fd-251c821f018b}</UniqueIdentifier>
    </Filter>
    <Filter Include="blocks\Cinder-LibArtnet\lib\artnet">
      <UniqueIdentifier>{25e55fd6-69b0-40ec-9de2-72e8dbed814b}</UniqueIdentifier>
    </Filter>
    <Filter Include="blocks\Cinder-LibArtnet\src">
      <UniqueIdentifier>{15d2eb95-0dee-45e2-9d5c-18bed365b1ff}</UniqueIdentifier>
    </Filter>
  </ItemGroup>
  <ItemGroup>
    <ClCompile Include="..\src\ArtnetSenderApp.cpp">
      <Filter>Source Files</Filter>
    </ClCompile>
    <ClCompile Include="..\src\ArtnetSenderApp.cpp">
      <Filter>Source Files</Filter>
    </ClCompile>
    <ClInclude Include="..\include\Resources.h">
      <Filter>Header Files</Filter>
    </ClInclude>
    <ClCompile Include="..\..\..\lib\artnet\artnet.c">
      <Filter>blocks\Cinder-LibArtnet\lib\artnet</Filter>
    </ClCompile>
    <ClCompile Include="..\..\..\lib\artnet\misc.c">
      <Filter>blocks\Cinder-LibArtnet\lib\artnet</Filter>
    </ClCompile>
    <ClCompile Include="..\..\..\lib\artnet\network.c">
      <Filter>blocks\Cinder-LibArtnet\lib\artnet</Filter>
    </ClCompile>
    <ClCompile Include="..\..\..\lib\artnet\receive.c">
      <Filter>blocks\Cinder-LibArtnet\lib\artnet</Filter>
    </ClCompile>
    <ClCompile Include="..\..\..\lib\artnet\tod.c">
      <Filter>blocks\Cinder-LibArtnet\lib\artnet</Filter>
    </ClCompile>
    <ClCompile Include="..\..\..\lib\artnet\transmit.c">
      <Filter>blocks\Cinder-LibArtnet\lib\artnet</Filter>
    </ClCompile>
    <ClCompile Include="..\..\..\src\CinderLibArtnet.cpp">
      <Filter>blocks\Cinder-LibArtnet\src</Filter>
    </ClCompile>
  </ItemGroup>
  <ItemGroup>
    <ClInclude Include="..\include\Resources.h">
      <Filter>Header Files</Filter>
    </ClInclude>
    <ClInclude Include="..\..\..\lib\artnet\artnet.h">
      <Filter>blocks\Cinder-LibArtnet\lib\artnet</Filter>
    </ClInclude>
    <ClInclude Include="..\..\..\lib\artnet\common.h">
      <Filter>blocks\Cinder-LibArtnet\lib\artnet</Filter>
    </ClInclude>
    <ClInclude Include="..\..\..\lib\artnet\config.h">
      <Filter>blocks\Cinder-LibArtnet\lib\artnet</Filter>
    </ClInclude>
    <ClInclude Include="..\..\..\lib\artnet\misc.h">
      <Filter>blocks\Cinder-LibArtnet\lib\artnet</Filter>
    </ClInclude>
    <ClInclude Include="..\..\..\lib\artnet\packets.h">
      <Filter>blocks\Cinder-LibArtnet\lib\artnet</Filter>
    </ClInclude>
    <ClInclude Include="..\..\..\lib\artnet\private.h">
      <Filter>blocks\Cinder-LibArtnet\lib\artnet</Filter>
    </ClInclude>
    <ClInclude Include="..\..\..\lib\artnet\tod.h">
      <Filter>blocks\Cinder-LibArtnet\lib\artnet</Filter>
    </ClInclude>
    <ClInclude Include="..\..\..\src\CinderLibArtnet.h">
      <Filter>blocks\Cinder-LibArtnet\src</Filter>
    </ClInclude>
  </ItemGroup>
  <ItemGroup>
    <ResourceCompile Include="Resources.rc">
      <Filter>Resource Files</Filter>
    </ResourceCompile>
  </ItemGroup>
</Project>